{
  "name": "generate-exip-pricing-grid",
  "lockfileVersion": 3,
  "requires": true,
  "packages": {
    "": {
      "name": "generate-exip-pricing-grid",
      "license": "MIT",
      "dependencies": {
        "minimist": "^1.2.8",
        "node-xlsx": "^0.4.0"
      },
      "engines": {
        "node": ">=16.0.0",
        "npm": ">=6.0.0"
      }
    },
    "node_modules/debug": {
      "version": "4.3.4",
      "resolved": "https://registry.npmjs.org/debug/-/debug-4.3.4.tgz",
      "integrity": "sha512-PRWFHuSU3eDtQJPvnNY7Jcket1j0t5OuOsFzPPzsekD52Zl8qUfFIPEiswXqIvHWGVHOgX+7G/vCNNhehwxfkQ==",
      "dependencies": {
        "ms": "2.1.2"
      },
      "engines": {
        "node": ">=6.0"
      },
      "peerDependenciesMeta": {
        "supports-color": {
          "optional": true
        }
      }
    },
    "node_modules/minimist": {
      "version": "1.2.8",
      "resolved": "https://registry.npmjs.org/minimist/-/minimist-1.2.8.tgz",
      "integrity": "sha512-2yyAR8qBkN3YuheJanUpWC5U3bb5osDywNB8RzDVlDwDHbocAJveqqj1u8+SVD7jkWT4yvsHCpWqqWqAxb0zCA==",
      "funding": {
        "url": "https://github.com/sponsors/ljharb"
      }
    },
    "node_modules/ms": {
      "version": "2.1.2",
      "resolved": "https://registry.npmjs.org/ms/-/ms-2.1.2.tgz",
      "integrity": "sha512-sGkPx+VjMtmA6MX27oA4FBFELFCZZ4S4XqeGOXCv68tT+jb3vk/RyaKWP0PTKyWtmLSM0b+adUTEvbs1PEaH2w=="
    },
    "node_modules/node-xlsx": {
      "version": "0.4.0",
      "resolved": "https://registry.npmjs.org/node-xlsx/-/node-xlsx-0.4.0.tgz",
      "integrity": "sha512-jy8AmCx8JrmPxZLS6ykUlpwBMQClZwBmzEyMjSzIlPIBXiy9EI+/DUlD9zq0Znsn/8zCTkA8ck/lqv0z46w1ww==",
      "dependencies": {
        "debug": ">= 0.7.2",
        "node-zip": "~1.0.1"
      }
    },
    "node_modules/node-zip": {
      "version": "1.0.1",
      "resolved": "https://registry.npmjs.org/node-zip/-/node-zip-1.0.1.tgz",
      "integrity": "sha512-X8wJ2lUj6foyRP/MoSM6KMnSlOlS97bHjElCUnRTgpdyUDcE5jReVja9X4nqbjXQIBIIwspznPrM2R2aLH5rcA==",
      "bin": {
        "nodezip": "bin/nodezip"
      },
      "engines": {
        "node": "*"
      }
    }
  }
}
